github.com/cyphrme/coze v0.0.0-20220831211004-8671bf055d4b h1:JpSflItModAkrOrCgws4glk50I+vMFGKzQdzOxdoVVU=
github.com/cyphrme/coze v0.0.0-20220831211004-8671bf055d4b/go.mod h1:y7ZEwjU40iV8W45U07tN1Yty93ao3X84JUTfUL7Leq0=
github.com/cyphrme/coze v0.0.1 h1:F6X43vCLdBtFWegcNwHVVrJhkzAGhXCnRI32XLvi5V8=
github.com/cyphrme/coze v0.0.1/go.mod h1:y7ZEwjU40iV8W45U07tN1Yty93ao3X84JUTfUL7Leq0=
golang.org/x/crypto v0.0.0-20220829220503-c86fa9a7ed90 h1:Y/gsMcFOcR+6S6f3YeMKl5g+dZMEWqcz5Czj/GWYbkM=
golang.org/x/crypto v0.0.0-20220829220503-c86fa9a7ed90/go.mod h1:IxCIyHEi3zRg3s0A5j5BB6A9Jmi73HwBIUl50j+osU4=
golang.org/x/sys v0.0.0-20220829200755-d48e67d00261 h1:v6hYoSR9T5oet+pMXwUWkbiVqx/63mlHjefrHmxwfeY=
golang.org/x/sys v0.0.0-20220829200755-d48e67d00261/go.mod h1:oPkhp1MJrh7nUepCBck5+mAzfO9JrbApNNgaTdGDITg=
